{
  "name": "rsbuild-react-ts",
  "version": "1.0.0",
  "lockfileVersion": 3,
  "requires": true,
  "packages": {
    "": {
      "name": "rsbuild-react-ts",
      "version": "1.0.0",
      "dependencies": {
        "@lynx-js/web-core": "^0.11.0",
        "@lynx-js/web-elements": "^0.5.4",
        "react": "^19.1.0",
        "react-dom": "^19.1.0"
      },
      "devDependencies": {
        "@rsbuild/core": "^1.3.1",
        "@rsbuild/plugin-react": "^1.1.1",
        "@types/node": "^22.14.1",
        "@types/react": "^19.1.0",
        "@types/react-dom": "^19.1.1",
        "typescript": "^5.8.2"
      }
    },
    "node_modules/@lynx-js/lynx-core": {
      "version": "0.1.2",
      "resolved": "https://registry.npmjs.org/@lynx-js/lynx-core/-/lynx-core-0.1.2.tgz",
      "integrity": "sha512-/oqDTnxbfmc/Haz0rUNC95lqQ082wEdMVzYfPo8ySr0WDtK+64Odo2k47s9uVmsIoX0h09GLsg4NMoWC0kjyPQ==",
      "license": "Apache-2.0",
      "peer": true
    },
    "node_modules/@lynx-js/offscreen-document": {
      "version": "0.0.0",
      "resolved": "https://registry.npmjs.org/@lynx-js/offscreen-document/-/offscreen-document-0.0.0.tgz",
      "integrity": "sha512-W98vIMSX0qYBcW6lhl5tEGqgqsnFbzz0cuBSFVH/uAq3XnI9AuXaT0ptKLrjFunNYR9jvgj3BmxnX7vfd+o7pA==",
      "license": "Apache-2.0"
    },
    "node_modules/@lynx-js/web-constants": {
      "version": "0.11.0",
      "resolved": "https://registry.npmjs.org/@lynx-js/web-constants/-/web-constants-0.11.0.tgz",
      "integrity": "sha512-C10LNlWT7HfemJ5la8FMhHrQC1xQYtTr94Tfea1PgNcRf/i/lA7bdXA8rDJxaYEru55vG4oceWLifF6AeBoBUA==",
      "license": "Apache-2.0",
      "dependencies": {
        "@lynx-js/web-worker-rpc": "0.11.0"
      }
    },
    "node_modules/@lynx-js/web-core": {
      "version": "0.11.0",
      "resolved": "https://registry.npmjs.org/@lynx-js/web-core/-/web-core-0.11.0.tgz",
      "integrity": "sha512-FibrdZcN54DMy9pcTbAk4AdlgD0BEqM7ju/x4ewa8epX/7XixV6iiYuOH7qdWHkVYFAJPhzbanlidpiSGDRR7Q==",
      "license": "Apache-2.0",
      "dependencies": {
        "@lynx-js/offscreen-document": "0.0.0",
        "@lynx-js/web-constants": "0.11.0",
        "@lynx-js/web-worker-rpc": "0.11.0",
        "@lynx-js/web-worker-runtime": "0.11.0"
      },
      "peerDependencies": {
        "@lynx-js/lynx-core": "0.1.2",
        "@lynx-js/web-elements": ">=0.3.1"
      }
    },
    "node_modules/@lynx-js/web-elements": {
      "version": "0.5.4",
      "resolved": "https://registry.npmjs.org/@lynx-js/web-elements/-/web-elements-0.5.4.tgz",
      "integrity": "sha512-ZaRHxA1noRU7zWrVmR1sAHNsHdeROi12Na2NGJk7zNRklMtSvfFTrH0sk+jDeZpGTJ36BpK9LDe5sI5HYBL86Q==",
      "license": "Apache-2.0",
      "dependencies": {
        "@lynx-js/web-elements-reactive": "0.2.1"
      },
      "peerDependencies": {
        "tslib": "^2.5.0"
      }
    },
    "node_modules/@lynx-js/web-elements-reactive": {
      "version": "0.2.1",
      "resolved": "https://registry.npmjs.org/@lynx-js/web-elements-reactive/-/web-elements-reactive-0.2.1.tgz",
      "integrity": "sha512-xjuewSncKJcy43jv277f5haYYbHVVecDHG8kEwUxNiHZARvZcTTzbtWbG7+pqf71R2CLkI+LGMpB2/Uy36EF8g==",
      "license": "Apache-2.0"
    },
    "node_modules/@lynx-js/web-mainthread-apis": {
      "version": "0.11.0",
      "resolved": "https://registry.npmjs.org/@lynx-js/web-mainthread-apis/-/web-mainthread-apis-0.11.0.tgz",
      "integrity": "sha512-vOnfNsAIzK4AaFtYHDqYQXrrM4yqm3lI0umLUapROnLr71FY1LL5LkZSSxDFRdaDHQYqSdVG4CL51vAlpeDkHQ==",
      "license": "Apache-2.0",
      "dependencies": {
        "@lynx-js/web-constants": "0.11.0",
        "@lynx-js/web-style-transformer": "0.2.3",
        "css-tree": "^3.1.0",
        "hyphenate-style-name": "^1.1.0"
      }
    },
    "node_modules/@lynx-js/web-style-transformer": {
      "version": "0.2.3",
      "resolved": "https://registry.npmjs.org/@lynx-js/web-style-transformer/-/web-style-transformer-0.2.3.tgz",
      "integrity": "sha512-kj+NfRZ0Trc1BaWfkaDgTq3aW6nVKMkGhGAqr6u6QJlfSsAGZReD6t9Cu28vMEskEadYOehFM7GD2yPDGHQWiA==",
      "license": "Apache-2.0"
    },
    "node_modules/@lynx-js/web-worker-rpc": {
      "version": "0.11.0",
      "resolved": "https://registry.npmjs.org/@lynx-js/web-worker-rpc/-/web-worker-rpc-0.11.0.tgz",
      "integrity": "sha512-JbxViqiQ+KhAWGbVTD12RJrU0e9r7sbe7ETj4ZArpAzUBa0lLCbf1WWpA4dVKXfZvHRBNUycgHgo8FEDpHAmkQ==",
      "license": "Apache-2.0"
    },
    "node_modules/@lynx-js/web-worker-runtime": {
      "version": "0.11.0",
      "resolved": "https://registry.npmjs.org/@lynx-js/web-worker-runtime/-/web-worker-runtime-0.11.0.tgz",
      "integrity": "sha512-YEb3WMXHV5ePzfxukEZ9pshliKdrNFPbZiGz86J6hqCSQ/VPN6BjTFmzkEfphjQJ7/NeSE3uhDk5BHccdgQC5A==",
      "license": "Apache-2.0",
      "dependencies": {
        "@lynx-js/offscreen-document": "0.0.0",
        "@lynx-js/web-constants": "0.11.0",
        "@lynx-js/web-mainthread-apis": "0.11.0",
        "@lynx-js/web-worker-rpc": "0.11.0"
      },
      "peerDependencies": {
        "@lynx-js/lynx-core": "0.1.2"
      }
    },
    "node_modules/@module-federation/error-codes": {
      "version": "0.11.2",
      "resolved": "https://registry.npmjs.org/@module-federation/error-codes/-/error-codes-0.11.2.tgz",
      "integrity": "sha512-ik1Qnn0I+WyEdprTck9WGlH41vGsVdUg8cfO+ZM02qOb2cZm5Vu3SlxGAobj6g7uAj0g8yINnd7h7Dci40BxQA==",
      "dev": true,
      "license": "MIT"
    },
    "node_modules/@module-federation/runtime": {
      "version": "0.11.2",
      "resolved": "https://registry.npmjs.org/@module-federation/runtime/-/runtime-0.11.2.tgz",
      "integrity": "sha512-Ya9u/L6z2LvhgpqxuKCB7LcigIIRf1BbaxAZIH7mzbq/A7rZtTP7v+73E433jvgiAlbAfPSZkeoYGele6hfRwA==",
      "dev": true,
      "license": "MIT",
      "dependencies": {
        "@module-federation/error-codes": "0.11.2",
        "@module-federation/runtime-core": "0.11.2",
        "@module-federation/sdk": "0.11.2"
      }
    },
    "node_modules/@module-federation/runtime-core": {
      "version": "0.11.2",
      "resolved": "https://registry.npmjs.org/@module-federation/runtime-core/-/runtime-core-0.11.2.tgz",
      "integrity": "sha512-dia5kKybi6MFU0s5PgglJwN27k7n9Sf69Cy5xZ4BWaP0qlaXTsxHKO0PECHNt2Pt8jDdyU29sQ4DwAQfxpnXJQ==",
      "dev": true,
      "license": "MIT",
      "dependencies": {
        "@module-federation/error-codes": "0.11.2",
        "@module-federation/sdk": "0.11.2"
      }
    },
    "node_modules/@module-federation/runtime-tools": {
      "version": "0.11.2",
      "resolved": "https://registry.npmjs.org/@module-federation/runtime-tools/-/runtime-tools-0.11.2.tgz",
      "integrity": "sha512-4MJTGAxVq6vxQRkTtTlH7Mm9AVqgn0X9kdu+7RsL7T/qU+jeYsbrntN2CWG3GVVA8r5JddXyTI1iJ0VXQZLV1w==",
      "dev": true,
      "license": "MIT",
      "dependencies": {
        "@module-federation/runtime": "0.11.2",
        "@module-federation/webpack-bundler-runtime": "0.11.2"
      }
    },
    "node_modules/@module-federation/sdk": {
      "version": "0.11.2",
      "resolved": "https://registry.npmjs.org/@module-federation/sdk/-/sdk-0.11.2.tgz",
      "integrity": "sha512-SBFe5xOamluT900J4AGBx+2/kCH/JbfqXoUwPSAC6PRzb8Y7LB0posnOGzmqYsLZXT37vp3d6AmJDsVoajDqxw==",
      "dev": true,
      "license": "MIT"
    },
    "node_modules/@module-federation/webpack-bundler-runtime": {
      "version": "0.11.2",
      "resolved": "https://registry.npmjs.org/@module-federation/webpack-bundler-runtime/-/webpack-bundler-runtime-0.11.2.tgz",
      "integrity": "sha512-WdwIE6QF+MKs/PdVu0cKPETF743JB9PZ62/qf7Uo3gU4fjsUMc37RnbJZ/qB60EaHHfjwp1v6NnhZw1r4eVsnw==",
      "dev": true,
      "license": "MIT",
      "dependencies": {
        "@module-federation/runtime": "0.11.2",
        "@module-federation/sdk": "0.11.2"
      }
    },
    "node_modules/@rsbuild/core": {
      "version": "1.3.9",
      "resolved": "https://registry.npmjs.org/@rsbuild/core/-/core-1.3.9.tgz",
      "integrity": "sha512-HnMv2sJA2EZuFhmNg9qULA/O7c2v8niWbp2Khm68SrGToFgYLgfw5qHDBU5tXn/2XljUQ/EEaLQmbZ6Vxwlm9Q==",
      "dev": true,
      "license": "MIT",
      "dependencies": {
        "@rspack/core": "1.3.5",
        "@rspack/lite-tapable": "~1.0.1",
        "@swc/helpers": "^0.5.17",
        "core-js": "~3.41.0",
        "jiti": "^2.4.2"
      },
      "bin": {
        "rsbuild": "bin/rsbuild.js"
      },
      "engines": {
        "node": ">=16.10.0"
      }
    },
    "node_modules/@rsbuild/plugin-react": {
      "version": "1.2.0",
      "resolved": "https://registry.npmjs.org/@rsbuild/plugin-react/-/plugin-react-1.2.0.tgz",
      "integrity": "sha512-TXd0cvcLPF7OrO215vlGSyRXD6Fc3KQWhFuXFKOtRYp+C1Vc9oeW0GopUIStv2pI2/xtv2XX8GOAdJsnsc6lkA==",
      "dev": true,
      "license": "MIT",
      "dependencies": {
        "@rspack/plugin-react-refresh": "~1.2.0",
        "react-refresh": "^0.17.0"
      },
      "peerDependencies": {
        "@rsbuild/core": "1.x"
      }
    },
    "node_modules/@rspack/binding": {
      "version": "1.3.5",
      "resolved": "https://registry.npmjs.org/@rspack/binding/-/binding-1.3.5.tgz",
      "integrity": "sha512-2oluCT+iBnTg0w7XfR8AmfkvgMPSuqEndzhrlHY//qgyyI04CW1lCMgsh+9wcSOUWUKYSOMCiGiVlYFtae5Lcg==",
      "dev": true,
      "license": "MIT",
      "optionalDependencies": {
        "@rspack/binding-darwin-arm64": "1.3.5",
        "@rspack/binding-darwin-x64": "1.3.5",
        "@rspack/binding-linux-arm64-gnu": "1.3.5",
        "@rspack/binding-linux-arm64-musl": "1.3.5",
        "@rspack/binding-linux-x64-gnu": "1.3.5",
        "@rspack/binding-linux-x64-musl": "1.3.5",
        "@rspack/binding-win32-arm64-msvc": "1.3.5",
        "@rspack/binding-win32-ia32-msvc": "1.3.5",
        "@rspack/binding-win32-x64-msvc": "1.3.5"
      }
    },
    "node_modules/@rspack/binding-darwin-arm64": {
      "version": "1.3.5",
      "resolved": "https://registry.npmjs.org/@rspack/binding-darwin-arm64/-/binding-darwin-arm64-1.3.5.tgz",
      "integrity": "sha512-bhqi9nZ0jrlQc/YgTklzD02y0E8Emdrov6HLcxt/Dzwq5SZryl4Ik8yc/8E1M0PWNkr09+TO8i1Zc51z0Gfu2g==",
      "cpu": [
        "arm64"
      ],
      "dev": true,
      "license": "MIT",
      "optional": true,
      "os": [
        "darwin"
      ]
    },
    "node_modules/@rspack/binding-darwin-x64": {
      "version": "1.3.5",
      "resolved": "https://registry.npmjs.org/@rspack/binding-darwin-x64/-/binding-darwin-x64-1.3.5.tgz",
      "integrity": "sha512-ysNn7bd/5NdVb0mTDBQl+D9GypCSS7FJoJJEeSpPcN01zFF8lRUsvdbOvzrG/CUBA2qbeWhwZvG2eKOy3p2NRA==",
      "cpu": [
        "x64"
      ],
      "dev": true,
      "license": "MIT",
      "optional": true,
      "os": [
        "darwin"
      ]
    },
    "node_modules/@rspack/binding-linux-arm64-gnu": {
      "version": "1.3.5",
      "resolved": "https://registry.npmjs.org/@rspack/binding-linux-arm64-gnu/-/binding-linux-arm64-gnu-1.3.5.tgz",
      "integrity": "sha512-oEfPjYx3RVsMeHG/kI9k96nLJUQhYfQS9HUKS37Ko3RWC84qTuzMAAdWIXE9ys8GHwpks7pL953AfYNK5PLhPw==",
      "cpu": [
        "arm64"
      ],
      "dev": true,
      "license": "MIT",
      "optional": true,
      "os": [
        "linux"
      ]
    },
    "node_modules/@rspack/binding-linux-arm64-musl": {
      "version": "1.3.5",
      "resolved": "https://registry.npmjs.org/@rspack/binding-linux-arm64-musl/-/binding-linux-arm64-musl-1.3.5.tgz",
      "integrity": "sha512-4cUoxd8nGsCCnqWBqortJRF+VKWzUm7ac9YRMQ+wpoL5i0abcQf8GqeilsNtRBRNqAlAh3mfgRlyeZgWvoS44g==",
      "cpu": [
        "arm64"
      ],
      "dev": true,
      "license": "MIT",
      "optional": true,
      "os": [
        "linux"
      ]
    },
    "node_modules/@rspack/binding-linux-x64-gnu": {
      "version": "1.3.5",
      "resolved": "https://registry.npmjs.org/@rspack/binding-linux-x64-gnu/-/binding-linux-x64-gnu-1.3.5.tgz",
      "integrity": "sha512-JehI/z61Y9wwkcTxbAdPtjUnAyyAUCJZOqP3FwQTAd2gBFG/8k7v1quGwrfOLsCLOcT3azbd8YFoHmkveGQayQ==",
      "cpu": [
        "x64"
      ],
      "dev": true,
      "license": "MIT",
      "optional": true,
      "os": [
        "linux"
      ]
    },
    "node_modules/@rspack/binding-linux-x64-musl": {
      "version": "1.3.5",
      "resolved": "https://registry.npmjs.org/@rspack/binding-linux-x64-musl/-/binding-linux-x64-musl-1.3.5.tgz",
      "integrity": "sha512-t8BqaOXrqIXZHTrz4ItX/m6BOvbBkeb7qTewlkN5mMHtPAF/Xg203rQ814VXx59kjgGF7i79PXIK2dQxHnCYDA==",
      "cpu": [
        "x64"
      ],
      "dev": true,
      "license": "MIT",
      "optional": true,
      "os": [
        "linux"
      ]
    },
    "node_modules/@rspack/binding-win32-arm64-msvc": {
      "version": "1.3.5",
      "resolved": "https://registry.npmjs.org/@rspack/binding-win32-arm64-msvc/-/binding-win32-arm64-msvc-1.3.5.tgz",
      "integrity": "sha512-k9vf/WgEwxtXzV4la1H6eL07GIlvNjdPdvo1AJZdu0Zcnm600Kv5NSBjySJCp3zUHIKkCE9A0+ibifqbliG0fw==",
      "cpu": [
        "arm64"
      ],
      "dev": true,
      "license": "MIT",
      "optional": true,
      "os": [
        "win32"
      ]
    },
    "node_modules/@rspack/binding-win32-ia32-msvc": {
      "version": "1.3.5",
      "resolved": "https://registry.npmjs.org/@rspack/binding-win32-ia32-msvc/-/binding-win32-ia32-msvc-1.3.5.tgz",
      "integrity": "sha512-dGfGJySHC/ktbNkK/FY2vEpFNK4UT+fgChhmUxIyQaHWjloFGVmEr6NttS0GtdtvblfF3tTzkTe9pGMIkdlegw==",
      "cpu": [
        "ia32"
      ],
      "dev": true,
      "license": "MIT",
      "optional": true,
      "os": [
        "win32"
      ]
    },
    "node_modules/@rspack/binding-win32-x64-msvc": {
      "version": "1.3.5",
      "resolved": "https://registry.npmjs.org/@rspack/binding-win32-x64-msvc/-/binding-win32-x64-msvc-1.3.5.tgz",
      "integrity": "sha512-GujYFTr043jse5gdvofsRvltkH/E8G5h3Yu9JG/+6EyQpFJebYm/NpRQrOyqZLIQP39+tbdViTfW4nOpUuurNA==",
      "cpu": [
        "x64"
      ],
      "dev": true,
      "license": "MIT",
      "optional": true,
      "os": [
        "win32"
      ]
    },
    "node_modules/@rspack/core": {
      "version": "1.3.5",
      "resolved": "https://registry.npmjs.org/@rspack/core/-/core-1.3.5.tgz",
      "integrity": "sha512-PwIpzXj9wjHM0Ohq6geIKPoh3yNb5oSK74gqzs0plR7pTYLbhrjG/1DSV/JLFF4C5WCpLHHiDEX5E0IYm2Aqeg==",
      "dev": true,
      "license": "MIT",
      "dependencies": {
        "@module-federation/runtime-tools": "0.11.2",
        "@rspack/binding": "1.3.5",
        "@rspack/lite-tapable": "1.0.1",
        "caniuse-lite": "^1.0.30001707"
      },
      "engines": {
        "node": ">=16.0.0"
      },
      "peerDependencies": {
        "@rspack/tracing": "^1.x",
        "@swc/helpers": ">=0.5.1"
      },
      "peerDependenciesMeta": {
        "@rspack/tracing": {
          "optional": true
        },
        "@swc/helpers": {
          "optional": true
        }
      }
    },
    "node_modules/@rspack/lite-tapable": {
      "version": "1.0.1",
      "resolved": "https://registry.npmjs.org/@rspack/lite-tapable/-/lite-tapable-1.0.1.tgz",
      "integrity": "sha512-VynGOEsVw2s8TAlLf/uESfrgfrq2+rcXB1muPJYBWbsm1Oa6r5qVQhjA5ggM6z/coYPrsVMgovl3Ff7Q7OCp1w==",
      "dev": true,
      "license": "MIT",
      "engines": {
        "node": ">=16.0.0"
      }
    },
    "node_modules/@rspack/plugin-react-refresh": {
      "version": "1.2.1",
      "resolved": "https://registry.npmjs.org/@rspack/plugin-react-refresh/-/plugin-react-refresh-1.2.1.tgz",
      "integrity": "sha512-zqf81473NYGpp/D4BOC0jmszZS4WFUUBNPK6auQB0zHxyyBzSIW+KjXpeNqCyTROJPZvwPr/Z33LCumR0Vd4Pg==",
      "dev": true,
      "license": "MIT",
      "dependencies": {
        "error-stack-parser": "^2.1.4",
        "html-entities": "^2.6.0"
      },
      "peerDependencies": {
        "react-refresh": ">=0.10.0 <1.0.0",
        "webpack-hot-middleware": "2.x"
      },
      "peerDependenciesMeta": {
        "webpack-hot-middleware": {
          "optional": true
        }
      }
    },
    "node_modules/@swc/helpers": {
      "version": "0.5.17",
      "resolved": "https://registry.npmjs.org/@swc/helpers/-/helpers-0.5.17.tgz",
      "integrity": "sha512-5IKx/Y13RsYd+sauPb2x+U/xZikHjolzfuDgTAl/Tdf3Q8rslRvC19NKDLgAJQ6wsqADk10ntlv08nPFw/gO/A==",
      "dev": true,
      "license": "Apache-2.0",
      "dependencies": {
        "tslib": "^2.8.0"
      }
    },
    "node_modules/@types/node": {
      "version": "22.14.1",
      "resolved": "https://registry.npmjs.org/@types/node/-/node-22.14.1.tgz",
      "integrity": "sha512-u0HuPQwe/dHrItgHHpmw3N2fYCR6x4ivMNbPHRkBVP4CvN+kiRrKHWk3i8tXiO/joPwXLMYvF9TTF0eqgHIuOw==",
      "dev": true,
      "license": "MIT",
      "dependencies": {
        "undici-types": "~6.21.0"
      }
    },
    "node_modules/@types/react": {
      "version": "19.1.2",
      "resolved": "https://registry.npmjs.org/@types/react/-/react-19.1.2.tgz",
      "integrity": "sha512-oxLPMytKchWGbnQM9O7D67uPa9paTNxO7jVoNMXgkkErULBPhPARCfkKL9ytcIJJRGjbsVwW4ugJzyFFvm/Tiw==",
      "dev": true,
      "license": "MIT",
      "dependencies": {
        "csstype": "^3.0.2"
      }
    },
    "node_modules/@types/react-dom": {
      "version": "19.1.2",
      "resolved": "https://registry.npmjs.org/@types/react-dom/-/react-dom-19.1.2.tgz",
      "integrity": "sha512-XGJkWF41Qq305SKWEILa1O8vzhb3aOo3ogBlSmiqNko/WmRb6QIaweuZCXjKygVDXpzXb5wyxKTSOsmkuqj+Qw==",
      "dev": true,
      "license": "MIT",
      "peerDependencies": {
        "@types/react": "^19.0.0"
      }
    },
    "node_modules/caniuse-lite": {
      "version": "1.0.30001715",
      "resolved": "https://registry.npmjs.org/caniuse-lite/-/caniuse-lite-1.0.30001715.tgz",
      "integrity": "sha512-7ptkFGMm2OAOgvZpwgA4yjQ5SQbrNVGdRjzH0pBdy1Fasvcr+KAeECmbCAECzTuDuoX0FCY8KzUxjf9+9kfZEw==",
      "dev": true,
      "funding": [
        {
          "type": "opencollective",
          "url": "https://opencollective.com/browserslist"
        },
        {
          "type": "tidelift",
          "url": "https://tidelift.com/funding/github/npm/caniuse-lite"
        },
        {
          "type": "github",
          "url": "https://github.com/sponsors/ai"
        }
      ],
      "license": "CC-BY-4.0"
    },
    "node_modules/core-js": {
      "version": "3.41.0",
      "resolved": "https://registry.npmjs.org/core-js/-/core-js-3.41.0.tgz",
      "integrity": "sha512-SJ4/EHwS36QMJd6h/Rg+GyR4A5xE0FSI3eZ+iBVpfqf1x0eTSg1smWLHrA+2jQThZSh97fmSgFSU8B61nxosxA==",
      "dev": true,
      "hasInstallScript": true,
      "license": "MIT",
      "funding": {
        "type": "opencollective",
        "url": "https://opencollective.com/core-js"
      }
    },
    "node_modules/css-tree": {
      "version": "3.1.0",
      "resolved": "https://registry.npmjs.org/css-tree/-/css-tree-3.1.0.tgz",
      "integrity": "sha512-0eW44TGN5SQXU1mWSkKwFstI/22X2bG1nYzZTYMAWjylYURhse752YgbE4Cx46AC+bAvI+/dYTPRk1LqSUnu6w==",
      "license": "MIT",
      "dependencies": {
        "mdn-data": "2.12.2",
        "source-map-js": "^1.0.1"
      },
      "engines": {
        "node": "^10 || ^12.20.0 || ^14.13.0 || >=15.0.0"
      }
    },
    "node_modules/csstype": {
      "version": "3.1.3",
      "resolved": "https://registry.npmjs.org/csstype/-/csstype-3.1.3.tgz",
      "integrity": "sha512-M1uQkMl8rQK/szD0LNhtqxIPLpimGm8sOBwU7lLnCpSbTyY3yeU1Vc7l4KT5zT4s/yOxHH5O7tIuuLOCnLADRw==",
      "dev": true,
      "license": "MIT"
    },
    "node_modules/error-stack-parser": {
      "version": "2.1.4",
      "resolved": "https://registry.npmjs.org/error-stack-parser/-/error-stack-parser-2.1.4.tgz",
      "integrity": "sha512-Sk5V6wVazPhq5MhpO+AUxJn5x7XSXGl1R93Vn7i+zS15KDVxQijejNCrz8340/2bgLBjR9GtEG8ZVKONDjcqGQ==",
      "dev": true,
      "license": "MIT",
      "dependencies": {
        "stackframe": "^1.3.4"
      }
    },
    "node_modules/html-entities": {
      "version": "2.6.0",
      "resolved": "https://registry.npmjs.org/html-entities/-/html-entities-2.6.0.tgz",
      "integrity": "sha512-kig+rMn/QOVRvr7c86gQ8lWXq+Hkv6CbAH1hLu+RG338StTpE8Z0b44SDVaqVu7HGKf27frdmUYEs9hTUX/cLQ==",
      "dev": true,
      "funding": [
        {
          "type": "github",
          "url": "https://github.com/sponsors/mdevils"
        },
        {
          "type": "patreon",
          "url": "https://patreon.com/mdevils"
        }
      ],
      "license": "MIT"
    },
    "node_modules/hyphenate-style-name": {
      "version": "1.1.0",
      "resolved": "https://registry.npmjs.org/hyphenate-style-name/-/hyphenate-style-name-1.1.0.tgz",
      "integrity": "sha512-WDC/ui2VVRrz3jOVi+XtjqkDjiVjTtFaAGiW37k6b+ohyQ5wYDOGkvCZa8+H0nx3gyvv0+BST9xuOgIyGQ00gw==",
      "license": "BSD-3-Clause"
    },
    "node_modules/jiti": {
      "version": "2.4.2",
      "resolved": "https://registry.npmjs.org/jiti/-/jiti-2.4.2.tgz",
      "integrity": "sha512-rg9zJN+G4n2nfJl5MW3BMygZX56zKPNVEYYqq7adpmMh4Jn2QNEwhvQlFy6jPVdcod7txZtKHWnyZiA3a0zP7A==",
      "dev": true,
      "license": "MIT",
      "bin": {
        "jiti": "lib/jiti-cli.mjs"
      }
    },
    "node_modules/mdn-data": {
      "version": "2.12.2",
      "resolved": "https://registry.npmjs.org/mdn-data/-/mdn-data-2.12.2.tgz",
      "integrity": "sha512-IEn+pegP1aManZuckezWCO+XZQDplx1366JoVhTpMpBB1sPey/SbveZQUosKiKiGYjg1wH4pMlNgXbCiYgihQA==",
      "license": "CC0-1.0"
    },
    "node_modules/react": {
      "version": "19.1.0",
      "resolved": "https://registry.npmjs.org/react/-/react-19.1.0.tgz",
      "integrity": "sha512-FS+XFBNvn3GTAWq26joslQgWNoFu08F4kl0J4CgdNKADkdSGXQyTCnKteIAJy96Br6YbpEU1LSzV5dYtjMkMDg==",
      "license": "MIT",
      "engines": {
        "node": ">=0.10.0"
      }
    },
    "node_modules/react-dom": {
      "version": "19.1.0",
      "resolved": "https://registry.npmjs.org/react-dom/-/react-dom-19.1.0.tgz",
      "integrity": "sha512-Xs1hdnE+DyKgeHJeJznQmYMIBG3TKIHJJT95Q58nHLSrElKlGQqDTR2HQ9fx5CN/Gk6Vh/kupBTDLU11/nDk/g==",
      "license": "MIT",
      "dependencies": {
        "scheduler": "^0.26.0"
      },
      "peerDependencies": {
        "react": "^19.1.0"
      }
    },
    "node_modules/react-refresh": {
      "version": "0.17.0",
      "resolved": "https://registry.npmjs.org/react-refresh/-/react-refresh-0.17.0.tgz",
      "integrity": "sha512-z6F7K9bV85EfseRCp2bzrpyQ0Gkw1uLoCel9XBVWPg/TjRj94SkJzUTGfOa4bs7iJvBWtQG0Wq7wnI0syw3EBQ==",
      "dev": true,
      "license": "MIT",
      "engines": {
        "node": ">=0.10.0"
      }
    },
    "node_modules/scheduler": {
      "version": "0.26.0",
      "resolved": "https://registry.npmjs.org/scheduler/-/scheduler-0.26.0.tgz",
      "integrity": "sha512-NlHwttCI/l5gCPR3D1nNXtWABUmBwvZpEQiD4IXSbIDq8BzLIK/7Ir5gTFSGZDUu37K5cMNp0hFtzO38sC7gWA==",
      "license": "MIT"
    },
    "node_modules/source-map-js": {
      "version": "1.2.1",
      "resolved": "https://registry.npmjs.org/source-map-js/-/source-map-js-1.2.1.tgz",
      "integrity": "sha512-UXWMKhLOwVKb728IUtQPXxfYU+usdybtUrK/8uGE8CQMvrhOpwvzDBwj0QhSL7MQc7vIsISBG8VQ8+IDQxpfQA==",
      "license": "BSD-3-Clause",
      "engines": {
        "node": ">=0.10.0"
      }
    },
    "node_modules/stackframe": {
      "version": "1.3.4",
      "resolved": "https://registry.npmjs.org/stackframe/-/stackframe-1.3.4.tgz",
      "integrity": "sha512-oeVtt7eWQS+Na6F//S4kJ2K2VbRlS9D43mAlMyVpVWovy9o+jfgH8O9agzANzaiLjclA0oYzUXEM4PurhSUChw==",
      "dev": true,
      "license": "MIT"
    },
    "node_modules/tslib": {
      "version": "2.8.1",
      "resolved": "https://registry.npmjs.org/tslib/-/tslib-2.8.1.tgz",
      "integrity": "sha512-oJFu94HQb+KVduSUQL7wnpmqnfmLsOA/nAh6b6EH0wCEoK0/mPeXU6c3wKDV83MkOuHPRHtSXKKU99IBazS/2w==",
      "license": "0BSD"
    },
    "node_modules/typescript": {
      "version": "5.8.3",
      "resolved": "https://registry.npmjs.org/typescript/-/typescript-5.8.3.tgz",
      "integrity": "sha512-p1diW6TqL9L07nNxvRMM7hMMw4c5XOo/1ibL4aAIGmSAt9slTE1Xgw5KWuof2uTOvCg9BY7ZRi+GaF+7sfgPeQ==",
      "dev": true,
      "license": "Apache-2.0",
      "bin": {
        "tsc": "bin/tsc",
        "tsserver": "bin/tsserver"
      },
      "engines": {
        "node": ">=14.17"
      }
    },
    "node_modules/undici-types": {
      "version": "6.21.0",
      "resolved": "https://registry.npmjs.org/undici-types/-/undici-types-6.21.0.tgz",
      "integrity": "sha512-iwDZqg0QAGrg9Rav5H4n0M64c3mkR59cJ6wQp+7C4nI0gsmExaedaYLNO44eT4AtBBwjbTiGPMlt2Md0T9H9JQ==",
      "dev": true,
      "license": "MIT"
    }
  }
}
